
Microsoft Visual Studio Solution File, Format Version 12.00
# Visual Studio Version 16
VisualStudioVersion = 16.0.31005.135
MinimumVisualStudioVersion = 10.0.40219.1
Project("{FAE04EC0-301F-11D3-BF4B-00C04F79EFBC}") = "TestAssignmentWPF2", "TestAssignmentWPF2\TestAssignmentWPF2.csproj", "{D09FE147-73C9-4EAC-AB5A-373473C62C15}"
EndProject
Global
	GlobalSection(SolutionConfigurationPlatforms) = preSolution
		Debug|Any CPU = Debug|Any CPU
		Release|Any CPU = Release|Any CPU
	EndGlobalSection
	GlobalSection(ProjectConfigurationPlatforms) = postSolution
		{D09FE147-73C9-4EAC-AB5A-373473C62C15}.Debug|Any CPU.ActiveCfg = Debug|Any CPU
		{D09FE147-73C9-4EAC-AB5A-373473C62C15}.Debug|Any CPU.Build.0 = Debug|Any CPU
		{D09FE147-73C9-4EAC-AB5A-373473C62C15}.Release|Any CPU.ActiveCfg = Release|Any CPU
		{D09FE147-73C9-4EAC-AB5A-373473C62C15}.Release|Any CPU.Build.0 = Release|Any CPU
	EndGlobalSection
	GlobalSection(SolutionProperties) = preSolution
		HideSolutionNode = FALSE
	EndGlobalSection
	GlobalSection(ExtensibilityGlobals) = postSolution
		SolutionGuid = {50D68B06-6BBD-47C6-AEC2-8A2C1A74F8E9}
	EndGlobalSection
EndGlobal
